
Microsoft Visual Studio Solution File, Format Version 12.00
# Visual Studio 15
VisualStudioVersion = 15.0.27703.2035
MinimumVisualStudioVersion = 10.0.40219.1
Project("{FAE04EC0-301F-11D3-BF4B-00C04F79EFBC}") = "TN.StudentBus.Office", "Office\TN.StudentBus.Office.csproj", "{0040840C-3B49-4788-85D4-1F5C95E9B341}"
EndProject
Project("{FAE04EC0-301F-11D3-BF4B-00C04F79EFBC}") = "TN.StudentBus.Car", "Car\TN.StudentBus.Car.csproj", "{3A77519E-3B58-4D1A-939C-039D6562B9C5}"
EndProject
Global
	GlobalSection(SolutionConfigurationPlatforms) = preSolution
		Debug|Any CPU = Debug|Any CPU
		Release|Any CPU = Release|Any CPU
	EndGlobalSection
	GlobalSection(ProjectConfigurationPlatforms) = postSolution
		{0040840C-3B49-4788-85D4-1F5C95E9B341}.Debug|Any CPU.ActiveCfg = Debug|Any CPU
		{0040840C-3B49-4788-85D4-1F5C95E9B341}.Debug|Any CPU.Build.0 = Debug|Any CPU
		{0040840C-3B49-4788-85D4-1F5C95E9B341}.Release|Any CPU.ActiveCfg = Release|Any CPU
		{0040840C-3B49-4788-85D4-1F5C95E9B341}.Release|Any CPU.Build.0 = Release|Any CPU
		{3A77519E-3B58-4D1A-939C-039D6562B9C5}.Debug|Any CPU.ActiveCfg = Debug|Any CPU
		{3A77519E-3B58-4D1A-939C-039D6562B9C5}.Debug|Any CPU.Build.0 = Debug|Any CPU
		{3A77519E-3B58-4D1A-939C-039D6562B9C5}.Release|Any CPU.ActiveCfg = Release|Any CPU
		{3A77519E-3B58-4D1A-939C-039D6562B9C5}.Release|Any CPU.Build.0 = Release|Any CPU
	EndGlobalSection
	GlobalSection(SolutionProperties) = preSolution
		HideSolutionNode = FALSE
	EndGlobalSection
	GlobalSection(ExtensibilityGlobals) = postSolution
		SolutionGuid = {861A8991-8DFA-423E-A44B-D8C17EA7032A}
	EndGlobalSection
EndGlobal
